
Microsoft Visual Studio Solution File, Format Version 12.00
# Visual Studio 15
VisualStudioVersion = 15.0.27004.2002
MinimumVisualStudioVersion = 10.0.40219.1
Project("{FAE04EC0-301F-11D3-BF4B-00C04F79EFBC}") = "UmbracoCore", "UmbracoCore\UmbracoCore\UmbracoCore.csproj", "{5B951B20-0B98-4072-89AB-F4BAA9887D99}"
EndProject
Project("{FAE04EC0-301F-11D3-BF4B-00C04F79EFBC}") = "UmbracoCMS", "UmbracoCMS\UmbracoCMS.csproj", "{B368CF82-5132-4C26-B354-B5A458E10132}"
EndProject
Global
	GlobalSection(SolutionConfigurationPlatforms) = preSolution
		Debug|Any CPU = Debug|Any CPU
		Release|Any CPU = Release|Any CPU
	EndGlobalSection
	GlobalSection(ProjectConfigurationPlatforms) = postSolution
		{5B951B20-0B98-4072-89AB-F4BAA9887D99}.Debug|Any CPU.ActiveCfg = Debug|Any CPU
		{5B951B20-0B98-4072-89AB-F4BAA9887D99}.Debug|Any CPU.Build.0 = Debug|Any CPU
		{5B951B20-0B98-4072-89AB-F4BAA9887D99}.Release|Any CPU.ActiveCfg = Release|Any CPU
		{5B951B20-0B98-4072-89AB-F4BAA9887D99}.Release|Any CPU.Build.0 = Release|Any CPU
		{B368CF82-5132-4C26-B354-B5A458E10132}.Debug|Any CPU.ActiveCfg = Debug|Any CPU
		{B368CF82-5132-4C26-B354-B5A458E10132}.Debug|Any CPU.Build.0 = Debug|Any CPU
		{B368CF82-5132-4C26-B354-B5A458E10132}.Release|Any CPU.ActiveCfg = Release|Any CPU
		{B368CF82-5132-4C26-B354-B5A458E10132}.Release|Any CPU.Build.0 = Release|Any CPU
	EndGlobalSection
	GlobalSection(SolutionProperties) = preSolution
		HideSolutionNode = FALSE
	EndGlobalSection
	GlobalSection(ExtensibilityGlobals) = postSolution
		SolutionGuid = {AC7095EC-B091-40DD-96AF-AD87ABAE577B}
	EndGlobalSection
EndGlobal
